
Microsoft Visual Studio Solution File, Format Version 12.00
# Visual Studio Version 17
VisualStudioVersion = 17.13.35828.75 d17.13
MinimumVisualStudioVersion = 10.0.40219.1
Project("{FAE04EC0-301F-11D3-BF4B-00C04F79EFBC}") = "azure-function", "azure-function\azure-function.csproj", "{915B1CCE-6D91-4174-8DD5-EC4B6AEA3BA8}"
EndProject
Global
	GlobalSection(SolutionConfigurationPlatforms) = preSolution
		Debug|Any CPU = Debug|Any CPU
		Release|Any CPU = Release|Any CPU
	EndGlobalSection
	GlobalSection(ProjectConfigurationPlatforms) = postSolution
		{915B1CCE-6D91-4174-8DD5-EC4B6AEA3BA8}.Debug|Any CPU.ActiveCfg = Debug|Any CPU
		{915B1CCE-6D91-4174-8DD5-EC4B6AEA3BA8}.Debug|Any CPU.Build.0 = Debug|Any CPU
		{915B1CCE-6D91-4174-8DD5-EC4B6AEA3BA8}.Release|Any CPU.ActiveCfg = Release|Any CPU
		{915B1CCE-6D91-4174-8DD5-EC4B6AEA3BA8}.Release|Any CPU.Build.0 = Release|Any CPU
	EndGlobalSection
	GlobalSection(SolutionProperties) = preSolution
		HideSolutionNode = FALSE
	EndGlobalSection
	GlobalSection(ExtensibilityGlobals) = postSolution
		SolutionGuid = {E9A6650F-EDE6-46F9-AD05-93447F0068B0}
	EndGlobalSection
EndGlobal
